
Microsoft Visual Studio Solution File, Format Version 12.00
# Visual Studio Version 16
VisualStudioVersion = 16.0.31205.134
MinimumVisualStudioVersion = 10.0.40219.1
Project("{FAE04EC0-301F-11D3-BF4B-00C04F79EFBC}") = "LaSellPrice", "LaSellPrice\LaSellPrice.csproj", "{EE8F2D4F-C29E-47B5-A6BC-DC3B360DEDE3}"
EndProject
Global
	GlobalSection(SolutionConfigurationPlatforms) = preSolution
		Debug|Any CPU = Debug|Any CPU
		Release|Any CPU = Release|Any CPU
	EndGlobalSection
	GlobalSection(ProjectConfigurationPlatforms) = postSolution
		{EE8F2D4F-C29E-47B5-A6BC-DC3B360DEDE3}.Debug|Any CPU.ActiveCfg = Debug|Any CPU
		{EE8F2D4F-C29E-47B5-A6BC-DC3B360DEDE3}.Debug|Any CPU.Build.0 = Debug|Any CPU
		{EE8F2D4F-C29E-47B5-A6BC-DC3B360DEDE3}.Release|Any CPU.ActiveCfg = Release|Any CPU
		{EE8F2D4F-C29E-47B5-A6BC-DC3B360DEDE3}.Release|Any CPU.Build.0 = Release|Any CPU
	EndGlobalSection
	GlobalSection(SolutionProperties) = preSolution
		HideSolutionNode = FALSE
	EndGlobalSection
	GlobalSection(ExtensibilityGlobals) = postSolution
		SolutionGuid = {28A62170-187F-47B9-9E0B-22320FEE2C89}
	EndGlobalSection
EndGlobal
